// !$*UTF8*$!
{
	archiveVersion = 1;
	classes = {
	};
	objectVersion = 55;
	objects = {

/* Begin PBXBuildFile section */
		4A05340F28CF9481009BB7A1 /* AppDelegate.swift in Sources */ = {isa = PBXBuildFile; fileRef = 4A05340E28CF9481009BB7A1 /* AppDelegate.swift */; };
		4A05341128CF9481009BB7A1 /* SceneDelegate.swift in Sources */ = {isa = PBXBuildFile; fileRef = 4A05341028CF9481009BB7A1 /* SceneDelegate.swift */; };
		4A05341328CF9481009BB7A1 /* ViewController.swift in Sources */ = {isa = PBXBuildFile; fileRef = 4A05341228CF9481009BB7A1 /* ViewController.swift */; };
		4A05341628CF9482009BB7A1 /* Main.storyboard in Resources */ = {isa = PBXBuildFile; fileRef = 4A05341428CF9482009BB7A1 /* Main.storyboard */; };
		4A05341828CF9486009BB7A1 /* Assets.xcassets in Resources */ = {isa = PBXBuildFile; fileRef = 4A05341728CF9486009BB7A1 /* Assets.xcassets */; };
		4A05341B28CF9486009BB7A1 /* LaunchScreen.storyboard in Resources */ = {isa = PBXBuildFile; fileRef = 4A05341928CF9486009BB7A1 /* LaunchScreen.storyboard */; };
		4A05342628CF9486009BB7A1 /* TextRecognitionTests.swift in Sources */ = {isa = PBXBuildFile; fileRef = 4A05342528CF9486009BB7A1 /* TextRecognitionTests.swift */; };
		4A05343028CF9486009BB7A1 /* TextRecognitionUITests.swift in Sources */ = {isa = PBXBuildFile; fileRef = 4A05342F28CF9486009BB7A1 /* TextRecognitionUITests.swift */; };
		4A05343228CF9486009BB7A1 /* TextRecognitionUITestsLaunchTests.swift in Sources */ = {isa = PBXBuildFile; fileRef = 4A05343128CF9486009BB7A1 /* TextRecognitionUITestsLaunchTests.swift */; };
/* End PBXBuildFile section */

/* Begin PBXContainerItemProxy section */
		4A05342228CF9486009BB7A1 /* PBXContainerItemProxy */ = {
			isa = PBXContainerItemProxy;
			containerPortal = 4A05340328CF9481009BB7A1 /* Project object */;
			proxyType = 1;
			remoteGlobalIDString = 4A05340A28CF9481009BB7A1;
			remoteInfo = TextRecognition;
		};
		4A05342C28CF9486009BB7A1 /* PBXContainerItemProxy */ = {
			isa = PBXContainerItemProxy;
			containerPortal = 4A05340328CF9481009BB7A1 /* Project object */;
			proxyType = 1;
			remoteGlobalIDString = 4A05340A28CF9481009BB7A1;
			remoteInfo = TextRecognition;
		};
/* End PBXContainerItemProxy section */

/* Begin PBXFileReference section */
		4A05340B28CF9481009BB7A1 /* TextRecognition.app */ = {isa = PBXFileReference; explicitFileType = wrapper.application; includeInIndex = 0; path = TextRecognition.app; sourceTree = BUILT_PRODUCTS_DIR; };
		4A05340E28CF9481009BB7A1 /* AppDelegate.swift */ = {isa = PBXFileReference; lastKnownFileType = sourcecode.swift; path = AppDelegate.swift; sourceTree = "<group>"; };
		4A05341028CF9481009BB7A1 /* SceneDelegate.swift */ = {isa = PBXFileReference; lastKnownFileType = sourcecode.swift; path = SceneDelegate.swift; sourceTree = "<group>"; };
		4A05341228CF9481009BB7A1 /* ViewController.swift */ = {isa = PBXFileReference; lastKnownFileType = sourcecode.swift; path = ViewController.swift; sourceTree = "<group>"; };
		4A05341528CF9482009BB7A1 /* Base */ = {isa = PBXFileReference; lastKnownFileType = file.storyboard; name = Base; path = Base.lproj/Main.storyboard; sourceTree = "<group>"; };
		4A05341728CF9486009BB7A1 /* Assets.xcassets */ = {isa = PBXFileReference; lastKnownFileType = folder.assetcatalog; path = Assets.xcassets; sourceTree = "<group>"; };
		4A05341A28CF9486009BB7A1 /* Base */ = {isa = PBXFileReference; lastKnownFileType = file.storyboard; name = Base; path = Base.lproj/LaunchScreen.storyboard; sourceTree = "<group>"; };
		4A05341C28CF9486009BB7A1 /* Info.plist */ = {isa = PBXFileReference; lastKnownFileType = text.plist.xml; path = Info.plist; sourceTree = "<group>"; };
		4A05342128CF9486009BB7A1 /* TextRecognitionTests.xctest */ = {isa = PBXFileReference; explicitFileType = wrapper.cfbundle; includeInIndex = 0; path = TextRecognitionTests.xctest; sourceTree = BUILT_PRODUCTS_DIR; };
		4A05342528CF9486009BB7A1 /* TextRecognitionTests.swift */ = {isa = PBXFileReference; lastKnownFileType = sourcecode.swift; path = TextRecognitionTests.swift; sourceTree = "<group>"; };
		4A05342B28CF9486009BB7A1 /* TextRecognitionUITests.xctest */ = {isa = PBXFileReference; explicitFileType = wrapper.cfbundle; includeInIndex = 0; path = TextRecognitionUITests.xctest; sourceTree = BUILT_PRODUCTS_DIR; };
		4A05342F28CF9486009BB7A1 /* TextRecognitionUITests.swift */ = {isa = PBXFileReference; lastKnownFileType = sourcecode.swift; path = TextRecognitionUITests.swift; sourceTree = "<group>"; };
		4A05343128CF9486009BB7A1 /* TextRecognitionUITestsLaunchTests.swift */ = {isa = PBXFileReference; lastKnownFileType = sourcecode.swift; path = TextRecognitionUITestsLaunchTests.swift; sourceTree = "<group>"; };
/* End PBXFileReference section */

/* Begin PBXFrameworksBuildPhase section */
		4A05340828CF9481009BB7A1 /* Frameworks */ = {
			isa = PBXFrameworksBuildPhase;
			buildActionMask = 2147483647;
			files = (
			);
			runOnlyForDeploymentPostprocessing = 0;
		};
		4A05341E28CF9486009BB7A1 /* Frameworks */ = {
			isa = PBXFrameworksBuildPhase;
			buildActionMask = 2147483647;
			files = (
			);
			runOnlyForDeploymentPostprocessing = 0;
		};
		4A05342828CF9486009BB7A1 /* Frameworks */ = {
			isa = PBXFrameworksBuildPhase;
			buildActionMask = 2147483647;
			files = (
			);
			runOnlyForDeploymentPostprocessing = 0;
		};
/* End PBXFrameworksBuildPhase section */

/* Begin PBXGroup section */
		4A05340228CF9481009BB7A1 = {
			isa = PBXGroup;
			children = (
				4A05340D28CF9481009BB7A1 /* TextRecognition */,
				4A05342428CF9486009BB7A1 /* TextRecognitionTests */,
				4A05342E28CF9486009BB7A1 /* TextRecognitionUITests */,
				4A05340C28CF9481009BB7A1 /* Products */,
			);
			sourceTree = "<group>";
		};
		4A05340C28CF9481009BB7A1 /* Products */ = {
			isa = PBXGroup;
			children = (
				4A05340B28CF9481009BB7A1 /* TextRecognition.app */,
				4A05342128CF9486009BB7A1 /* TextRecognitionTests.xctest */,
				4A05342B28CF9486009BB7A1 /* TextRecognitionUITests.xctest */,
			);
			name = Products;
			sourceTree = "<group>";
		};
		4A05340D28CF9481009BB7A1 /* TextRecognition */ = {
			isa = PBXGroup;
			children = (
				4A05340E28CF9481009BB7A1 /* AppDelegate.swift */,
				4A05341028CF9481009BB7A1 /* SceneDelegate.swift */,
				4A05341228CF9481009BB7A1 /* ViewController.swift */,
				4A05341428CF9482009BB7A1 /* Main.storyboard */,
				4A05341728CF9486009BB7A1 /* Assets.xcassets */,
				4A05341928CF9486009BB7A1 /* LaunchScreen.storyboard */,
				4A05341C28CF9486009BB7A1 /* Info.plist */,
			);
			path = TextRecognition;
			sourceTree = "<group>";
		};
		4A05342428CF9486009BB7A1 /* TextRecognitionTests */ = {
			isa = PBXGroup;
			children = (
				4A05342528CF9486009BB7A1 /* TextRecognitionTests.swift */,
			);
			path = TextRecognitionTests;
			sourceTree = "<group>";
		};
		4A05342E28CF9486009BB7A1 /* TextRecognitionUITests */ = {
			isa = PBXGroup;
			children = (
				4A05342F28CF9486009BB7A1 /* TextRecognitionUITests.swift */,
				4A05343128CF9486009BB7A1 /* TextRecognitionUITestsLaunchTests.swift */,
			);
			path = TextRecognitionUITests;
			sourceTree = "<group>";
		};
/* End PBXGroup section */

/* Begin PBXNativeTarget section */
		4A05340A28CF9481009BB7A1 /* TextRecognition */ = {
			isa = PBXNativeTarget;
			buildConfigurationList = 4A05343528CF9486009BB7A1 /* Build configuration list for PBXNativeTarget "TextRecognition" */;
			buildPhases = (
				4A05340728CF9481009BB7A1 /* Sources */,
				4A05340828CF9481009BB7A1 /* Frameworks */,
				4A05340928CF9481009BB7A1 /* Resources */,
			);
			buildRules = (
			);
			dependencies = (
			);
			name = TextRecognition;
			productName = TextRecognition;
			productReference = 4A05340B28CF9481009BB7A1 /* TextRecognition.app */;
			productType = "com.apple.product-type.application";
		};
		4A05342028CF9486009BB7A1 /* TextRecognitionTests */ = {
			isa = PBXNativeTarget;
			buildConfigurationList = 4A05343828CF9486009BB7A1 /* Build configuration list for PBXNativeTarget "TextRecognitionTests" */;
			buildPhases = (
				4A05341D28CF9486009BB7A1 /* Sources */,
				4A05341E28CF9486009BB7A1 /* Frameworks */,
				4A05341F28CF9486009BB7A1 /* Resources */,
			);
			buildRules = (
			);
			dependencies = (
				4A05342328CF9486009BB7A1 /* PBXTargetDependency */,
			);
			name = TextRecognitionTests;
			productName = TextRecognitionTests;
			productReference = 4A05342128CF9486009BB7A1 /* TextRecognitionTests.xctest */;
			productType = "com.apple.product-type.bundle.unit-test";
		};
		4A05342A28CF9486009BB7A1 /* TextRecognitionUITests */ = {
			isa = PBXNativeTarget;
			buildConfigurationList = 4A05343B28CF9486009BB7A1 /* Build configuration list for PBXNativeTarget "TextRecognitionUITests" */;
			buildPhases = (
				4A05342728CF9486009BB7A1 /* Sources */,
				4A05342828CF9486009BB7A1 /* Frameworks */,
				4A05342928CF9486009BB7A1 /* Resources */,
			);
			buildRules = (
			);
			dependencies = (
				4A05342D28CF9486009BB7A1 /* PBXTargetDependency */,
			);
			name = TextRecognitionUITests;
			productName = TextRecognitionUITests;
			productReference = 4A05342B28CF9486009BB7A1 /* TextRecognitionUITests.xctest */;
			productType = "com.apple.product-type.bundle.ui-testing";
		};
/* End PBXNativeTarget section */

/* Begin PBXProject section */
		4A05340328CF9481009BB7A1 /* Project object */ = {
			isa = PBXProject;
			attributes = {
				BuildIndependentTargetsInParallel = 1;
				LastSwiftUpdateCheck = 1340;
				LastUpgradeCheck = 1340;
				TargetAttributes = {
					4A05340A28CF9481009BB7A1 = {
						CreatedOnToolsVersion = 13.4.1;
					};
					4A05342028CF9486009BB7A1 = {
						CreatedOnToolsVersion = 13.4.1;
						TestTargetID = 4A05340A28CF9481009BB7A1;
					};
					4A05342A28CF9486009BB7A1 = {
						CreatedOnToolsVersion = 13.4.1;
						TestTargetID = 4A05340A28CF9481009BB7A1;
					};
				};
			};
			buildConfigurationList = 4A05340628CF9481009BB7A1 /* Build configuration list for PBXProject "TextRecognition" */;
			compatibilityVersion = "Xcode 13.0";
			developmentRegion = en;
			hasScannedForEncodings = 0;
			knownRegions = (
				en,
				Base,
			);
			mainGroup = 4A05340228CF9481009BB7A1;
			productRefGroup = 4A05340C28CF9481009BB7A1 /* Products */;
			projectDirPath = "";
			projectRoot = "";
			targets = (
				4A05340A28CF9481009BB7A1 /* TextRecognition */,
				4A05342028CF9486009BB7A1 /* TextRecognitionTests */,
				4A05342A28CF9486009BB7A1 /* TextRecognitionUITests */,
			);
		};
/* End PBXProject section */

/* Begin PBXResourcesBuildPhase section */
		4A05340928CF9481009BB7A1 /* Resources */ = {
			isa = PBXResourcesBuildPhase;
			buildActionMask = 2147483647;
			files = (
				4A05341B28CF9486009BB7A1 /* LaunchScreen.storyboard in Resources */,
				4A05341828CF9486009BB7A1 /* Assets.xcassets in Resources */,
				4A05341628CF9482009BB7A1 /* Main.storyboard in Resources */,
			);
			runOnlyForDeploymentPostprocessing = 0;
		};
		4A05341F28CF9486009BB7A1 /* Resources */ = {
			isa = PBXResourcesBuildPhase;
			buildActionMask = 2147483647;
			files = (
			);
			runOnlyForDeploymentPostprocessing = 0;
		};
		4A05342928CF9486009BB7A1 /* Resources */ = {
			isa = PBXResourcesBuildPhase;
			buildActionMask = 2147483647;
			files = (
			);
			runOnlyForDeploymentPostprocessing = 0;
		};
/* End PBXResourcesBuildPhase section */

/* Begin PBXSourcesBuildPhase section */
		4A05340728CF9481009BB7A1 /* Sources */ = {
			isa = PBXSourcesBuildPhase;
			buildActionMask = 2147483647;
			files = (
				4A05341328CF9481009BB7A1 /* ViewController.swift in Sources */,
				4A05340F28CF9481009BB7A1 /* AppDelegate.swift in Sources */,
				4A05341128CF9481009BB7A1 /* SceneDelegate.swift in Sources */,
			);
			runOnlyForDeploymentPostprocessing = 0;
		};
		4A05341D28CF9486009BB7A1 /* Sources */ = {
			isa = PBXSourcesBuildPhase;
			buildActionMask = 2147483647;
			files = (
				4A05342628CF9486009BB7A1 /* TextRecognitionTests.swift in Sources */,
			);
			runOnlyForDeploymentPostprocessing = 0;
		};
		4A05342728CF9486009BB7A1 /* Sources */ = {
			isa = PBXSourcesBuildPhase;
			buildActionMask = 2147483647;
			files = (
				4A05343028CF9486009BB7A1 /* TextRecognitionUITests.swift in Sources */,
				4A05343228CF9486009BB7A1 /* TextRecognitionUITestsLaunchTests.swift in Sources */,
			);
			runOnlyForDeploymentPostprocessing = 0;
		};
/* End PBXSourcesBuildPhase section */

/* Begin PBXTargetDependency section */
		4A05342328CF9486009BB7A1 /* PBXTargetDependency */ = {
			isa = PBXTargetDependency;
			target = 4A05340A28CF9481009BB7A1 /* TextRecognition */;
			targetProxy = 4A05342228CF9486009BB7A1 /* PBXContainerItemProxy */;
		};
		4A05342D28CF9486009BB7A1 /* PBXTargetDependency */ = {
			isa = PBXTargetDependency;
			target = 4A05340A28CF9481009BB7A1 /* TextRecognition */;
			targetProxy = 4A05342C28CF9486009BB7A1 /* PBXContainerItemProxy */;
		};
/* End PBXTargetDependency section */

/* Begin PBXVariantGroup section */
		4A05341428CF9482009BB7A1 /* Main.storyboard */ = {
			isa = PBXVariantGroup;
			children = (
				4A05341528CF9482009BB7A1 /* Base */,
			);
			name = Main.storyboard;
			sourceTree = "<group>";
		};
		4A05341928CF9486009BB7A1 /* LaunchScreen.storyboard */ = {
			isa = PBXVariantGroup;
			children = (
				4A05341A28CF9486009BB7A1 /* Base */,
			);
			name = LaunchScreen.storyboard;
			sourceTree = "<group>";
		};
/* End PBXVariantGroup section */

/* Begin XCBuildConfiguration section */
		4A05343328CF9486009BB7A1 /* Debug */ = {
			isa = XCBuildConfiguration;
			buildSettings = {
				ALWAYS_SEARCH_USER_PATHS = NO;
				CLANG_ANALYZER_NONNULL = YES;
				CLANG_ANALYZER_NUMBER_OBJECT_CONVERSION = YES_AGGRESSIVE;
				CLANG_CXX_LANGUAGE_STANDARD = "gnu++17";
				CLANG_ENABLE_MODULES = YES;
				CLANG_ENABLE_OBJC_ARC = YES;
				CLANG_ENABLE_OBJC_WEAK = YES;
				CLANG_WARN_BLOCK_CAPTURE_AUTORELEASING = YES;
				CLANG_WARN_BOOL_CONVERSION = YES;
				CLANG_WARN_COMMA = YES;
				CLANG_WARN_CONSTANT_CONVERSION = YES;
				CLANG_WARN_DEPRECATED_OBJC_IMPLEMENTATIONS = YES;
				CLANG_WARN_DIRECT_OBJC_ISA_USAGE = YES_ERROR;
				CLANG_WARN_DOCUMENTATION_COMMENTS = YES;
				CLANG_WARN_EMPTY_BODY = YES;
				CLANG_WARN_ENUM_CONVERSION = YES;
				CLANG_WARN_INFINITE_RECURSION = YES;
				CLANG_WARN_INT_CONVERSION = YES;
				CLANG_WARN_NON_LITERAL_NULL_CONVERSION = YES;
				CLANG_WARN_OBJC_IMPLICIT_RETAIN_SELF = YES;
				CLANG_WARN_OBJC_LITERAL_CONVERSION = YES;
				CLANG_WARN_OBJC_ROOT_CLASS = YES_ERROR;
				CLANG_WARN_QUOTED_INCLUDE_IN_FRAMEWORK_HEADER = YES;
				CLANG_WARN_RANGE_LOOP_ANALYSIS = YES;
				CLANG_WARN_STRICT_PROTOTYPES = YES;
				CLANG_WARN_SUSPICIOUS_MOVE = YES;
				CLANG_WARN_UNGUARDED_AVAILABILITY = YES_AGGRESSIVE;
				CLANG_WARN_UNREACHABLE_CODE = YES;
				CLANG_WARN__DUPLICATE_METHOD_MATCH = YES;
				COPY_PHASE_STRIP = NO;
				DEBUG_INFORMATION_FORMAT = dwarf;
				ENABLE_STRICT_OBJC_MSGSEND = YES;
				ENABLE_TESTABILITY = YES;
				GCC_C_LANGUAGE_STANDARD = gnu11;
				GCC_DYNAMIC_NO_PIC = NO;
				GCC_NO_COMMON_BLOCKS = YES;
				GCC_OPTIMIZATION_LEVEL = 0;
				GCC_PREPROCESSOR_DEFINITIONS = (
					"DEBUG=1",
					"$(inherited)",
				);
				GCC_WARN_64_TO_32_BIT_CONVERSION = YES;
				GCC_WARN_ABOUT_RETURN_TYPE = YES_ERROR;
				GCC_WARN_UNDECLARED_SELECTOR = YES;
				GCC_WARN_UNINITIALIZED_AUTOS = YES_AGGRESSIVE;
				GCC_WARN_UNUSED_FUNCTION = YES;
				GCC_WARN_UNUSED_VARIABLE = YES;
				IPHONEOS_DEPLOYMENT_TARGET = 15.5;
				MTL_ENABLE_DEBUG_INFO = INCLUDE_SOURCE;
				MTL_FAST_MATH = YES;
				ONLY_ACTIVE_ARCH = YES;
				SDKROOT = iphoneos;
				SWIFT_ACTIVE_COMPILATION_CONDITIONS = DEBUG;
				SWIFT_OPTIMIZATION_LEVEL = "-Onone";
			};
			name = Debug;
		};
		4A05343428CF9486009BB7A1 /* Release */ = {
			isa = XCBuildConfiguration;
			buildSettings = {
				ALWAYS_SEARCH_USER_PATHS = NO;
				CLANG_ANALYZER_NONNULL = YES;
				CLANG_ANALYZER_NUMBER_OBJECT_CONVERSION = YES_AGGRESSIVE;
				CLANG_CXX_LANGUAGE_STANDARD = "gnu++17";
				CLANG_ENABLE_MODULES = YES;
				CLANG_ENABLE_OBJC_ARC = YES;
				CLANG_ENABLE_OBJC_WEAK = YES;
				CLANG_WARN_BLOCK_CAPTURE_AUTORELEASING = YES;
				CLANG_WARN_BOOL_CONVERSION = YES;
				CLANG_WARN_COMMA = YES;
				CLANG_WARN_CONSTANT_CONVERSION = YES;
				CLANG_WARN_DEPRECATED_OBJC_IMPLEMENTATIONS = YES;
				CLANG_WARN_DIRECT_OBJC_ISA_USAGE = YES_ERROR;
				CLANG_WARN_DOCUMENTATION_COMMENTS = YES;
				CLANG_WARN_EMPTY_BODY = YES;
				CLANG_WARN_ENUM_CONVERSION = YES;
				CLANG_WARN_INFINITE_RECURSION = YES;
				CLANG_WARN_INT_CONVERSION = YES;
				CLANG_WARN_NON_LITERAL_NULL_CONVERSION = YES;
				CLANG_WARN_OBJC_IMPLICIT_RETAIN_SELF = YES;
				CLANG_WARN_OBJC_LITERAL_CONVERSION = YES;
				CLANG_WARN_OBJC_ROOT_CLASS = YES_ERROR;
				CLANG_WARN_QUOTED_INCLUDE_IN_FRAMEWORK_HEADER = YES;
				CLANG_WARN_RANGE_LOOP_ANALYSIS = YES;
				CLANG_WARN_STRICT_PROTOTYPES = YES;
				CLANG_WARN_SUSPICIOUS_MOVE = YES;
				CLANG_WARN_UNGUARDED_AVAILABILITY = YES_AGGRESSIVE;
				CLANG_WARN_UNREACHABLE_CODE = YES;
				CLANG_WARN__DUPLICATE_METHOD_MATCH = YES;
				COPY_PHASE_STRIP = NO;
				DEBUG_INFORMATION_FORMAT = "dwarf-with-dsym";
				ENABLE_NS_ASSERTIONS = NO;
				ENABLE_STRICT_OBJC_MSGSEND = YES;
				GCC_C_LANGUAGE_STANDARD = gnu11;
				GCC_NO_COMMON_BLOCKS = YES;
				GCC_WARN_64_TO_32_BIT_CONVERSION = YES;
				GCC_WARN_ABOUT_RETURN_TYPE = YES_ERROR;
				GCC_WARN_UNDECLARED_SELECTOR = YES;
				GCC_WARN_UNINITIALIZED_AUTOS = YES_AGGRESSIVE;
				GCC_WARN_UNUSED_FUNCTION = YES;
				GCC_WARN_UNUSED_VARIABLE = YES;
				IPHONEOS_DEPLOYMENT_TARGET = 15.5;
				MTL_ENABLE_DEBUG_INFO = NO;
				MTL_FAST_MATH = YES;
				SDKROOT = iphoneos;
				SWIFT_COMPILATION_MODE = wholemodule;
				SWIFT_OPTIMIZATION_LEVEL = "-O";
				VALIDATE_PRODUCT = YES;
			};
			name = Release;
		};
		4A05343628CF9486009BB7A1 /* Debug */ = {
			isa = XCBuildConfiguration;
			buildSettings = {
				ASSETCATALOG_COMPILER_APPICON_NAME = AppIcon;
				ASSETCATALOG_COMPILER_GLOBAL_ACCENT_COLOR_NAME = AccentColor;
				CODE_SIGN_STYLE = Automatic;
				CURRENT_PROJECT_VERSION = 1;
				DEVELOPMENT_TEAM = 9H369CM94A;
				GENERATE_INFOPLIST_FILE = YES;
				INFOPLIST_FILE = TextRecognition/Info.plist;
				INFOPLIST_KEY_UIApplicationSupportsIndirectInputEvents = YES;
				INFOPLIST_KEY_UILaunchStoryboardName = LaunchScreen;
				INFOPLIST_KEY_UIMainStoryboardFile = Main;
				INFOPLIST_KEY_UISupportedInterfaceOrientations_iPad = "UIInterfaceOrientationPortrait UIInterfaceOrientationPortraitUpsideDown UIInterfaceOrientationLandscapeLeft UIInterfaceOrientationLandscapeRight";
				INFOPLIST_KEY_UISupportedInterfaceOrientations_iPhone = "UIInterfaceOrientationPortrait UIInterfaceOrientationLandscapeLeft UIInterfaceOrientationLandscapeRight";
				LD_RUNPATH_SEARCH_PATHS = (
					"$(inherited)",
					"@executable_path/Frameworks",
				);
				MARKETING_VERSION = 1.0;
				PRODUCT_BUNDLE_IDENTIFIER = io.iosacademy.TextRecognition;
				PRODUCT_NAME = "$(TARGET_NAME)";
				SWIFT_EMIT_LOC_STRINGS = YES;
				SWIFT_VERSION = 5.0;
				TARGETED_DEVICE_FAMILY = "1,2";
			};
			name = Debug;
		};
		4A05343728CF9486009BB7A1 /* Release */ = {
			isa = XCBuildConfiguration;
			buildSettings = {
				ASSETCATALOG_COMPILER_APPICON_NAME = AppIcon;
				ASSETCATALOG_COMPILER_GLOBAL_ACCENT_COLOR_NAME = AccentColor;
				CODE_SIGN_STYLE = Automatic;
				CURRENT_PROJECT_VERSION = 1;
				DEVELOPMENT_TEAM = 9H369CM94A;
				GENERATE_INFOPLIST_FILE = YES;
				INFOPLIST_FILE = TextRecognition/Info.plist;
				INFOPLIST_KEY_UIApplicationSupportsIndirectInputEvents = YES;
				INFOPLIST_KEY_UILaunchStoryboardName = LaunchScreen;
				INFOPLIST_KEY_UIMainStoryboardFile = Main;
				INFOPLIST_KEY_UISupportedInterfaceOrientations_iPad = "UIInterfaceOrientationPortrait UIInterfaceOrientationPortraitUpsideDown UIInterfaceOrientationLandscapeLeft UIInterfaceOrientationLandscapeRight";
				INFOPLIST_KEY_UISupportedInterfaceOrientations_iPhone = "UIInterfaceOrientationPortrait UIInterfaceOrientationLandscapeLeft UIInterfaceOrientationLandscapeRight";
				LD_RUNPATH_SEARCH_PATHS = (
					"$(inherited)",
					"@executable_path/Frameworks",
				);
				MARKETING_VERSION = 1.0;
				PRODUCT_BUNDLE_IDENTIFIER = io.iosacademy.TextRecognition;
				PRODUCT_NAME = "$(TARGET_NAME)";
				SWIFT_EMIT_LOC_STRINGS = YES;
				SWIFT_VERSION = 5.0;
				TARGETED_DEVICE_FAMILY = "1,2";
			};
			name = Release;
		};
		4A05343928CF9486009BB7A1 /* Debug */ = {
			isa = XCBuildConfiguration;
			buildSettings = {
				ALWAYS_EMBED_SWIFT_STANDARD_LIBRARIES = YES;
				BUNDLE_LOADER = "$(TEST_HOST)";
				CODE_SIGN_STYLE = Automatic;
				CURRENT_PROJECT_VERSION = 1;
				DEVELOPMENT_TEAM = 9H369CM94A;
				GENERATE_INFOPLIST_FILE = YES;
				IPHONEOS_DEPLOYMENT_TARGET = 15.5;
				MARKETING_VERSION = 1.0;
				PRODUCT_BUNDLE_IDENTIFIER = io.iosacademy.TextRecognitionTests;
				PRODUCT_NAME = "$(TARGET_NAME)";
				SWIFT_EMIT_LOC_STRINGS = NO;
				SWIFT_VERSION = 5.0;
				TARGETED_DEVICE_FAMILY = "1,2";
				TEST_HOST = "$(BUILT_PRODUCTS_DIR)/TextRecognition.app/TextRecognition";
			};
			name = Debug;
		};
		4A05343A28CF9486009BB7A1 /* Release */ = {
			isa = XCBuildConfiguration;
			buildSettings = {
				ALWAYS_EMBED_SWIFT_STANDARD_LIBRARIES = YES;
				BUNDLE_LOADER = "$(TEST_HOST)";
				CODE_SIGN_STYLE = Automatic;
				CURRENT_PROJECT_VERSION = 1;
				DEVELOPMENT_TEAM = 9H369CM94A;
				GENERATE_INFOPLIST_FILE = YES;
				IPHONEOS_DEPLOYMENT_TARGET = 15.5;
				MARKETING_VERSION = 1.0;
				PRODUCT_BUNDLE_IDENTIFIER = io.iosacademy.TextRecognitionTests;
				PRODUCT_NAME = "$(TARGET_NAME)";
				SWIFT_EMIT_LOC_STRINGS = NO;
				SWIFT_VERSION = 5.0;
				TARGETED_DEVICE_FAMILY = "1,2";
				TEST_HOST = "$(BUILT_PRODUCTS_DIR)/TextRecognition.app/TextRecognition";
			};
			name = Release;
		};
		4A05343C28CF9486009BB7A1 /* Debug */ = {
			isa = XCBuildConfiguration;
			buildSettings = {
				ALWAYS_EMBED_SWIFT_STANDARD_LIBRARIES = YES;
				CODE_SIGN_STYLE = Automatic;
				CURRENT_PROJECT_VERSION = 1;
				DEVELOPMENT_TEAM = 9H369CM94A;
				GENERATE_INFOPLIST_FILE = YES;
				MARKETING_VERSION = 1.0;
				PRODUCT_BUNDLE_IDENTIFIER = io.iosacademy.TextRecognitionUITests;
				PRODUCT_NAME = "$(TARGET_NAME)";
				SWIFT_EMIT_LOC_STRINGS = NO;
				SWIFT_VERSION = 5.0;
				TARGETED_DEVICE_FAMILY = "1,2";
				TEST_TARGET_NAME = TextRecognition;
			};
			name = Debug;
		};
		4A05343D28CF9486009BB7A1 /* Release */ = {
			isa = XCBuildConfiguration;
			buildSettings = {
				ALWAYS_EMBED_SWIFT_STANDARD_LIBRARIES = YES;
				CODE_SIGN_STYLE = Automatic;
				CURRENT_PROJECT_VERSION = 1;
				DEVELOPMENT_TEAM = 9H369CM94A;
				GENERATE_INFOPLIST_FILE = YES;
				MARKETING_VERSION = 1.0;
				PRODUCT_BUNDLE_IDENTIFIER = io.iosacademy.TextRecognitionUITests;
				PRODUCT_NAME = "$(TARGET_NAME)";
				SWIFT_EMIT_LOC_STRINGS = NO;
				SWIFT_VERSION = 5.0;
				TARGETED_DEVICE_FAMILY = "1,2";
				TEST_TARGET_NAME = TextRecognition;
			};
			name = Release;
		};
/* End XCBuildConfiguration section */

/* Begin XCConfigurationList section */
		4A05340628CF9481009BB7A1 /* Build configuration list for PBXProject "TextRecognition" */ = {
			isa = XCConfigurationList;
			buildConfigurations = (
				4A05343328CF9486009BB7A1 /* Debug */,
				4A05343428CF9486009BB7A1 /* Release */,
			);
			defaultConfigurationIsVisible = 0;
			defaultConfigurationName = Release;
		};
		4A05343528CF9486009BB7A1 /* Build configuration list for PBXNativeTarget "TextRecognition" */ = {
			isa = XCConfigurationList;
			buildConfigurations = (
				4A05343628CF9486009BB7A1 /* Debug */,
				4A05343728CF9486009BB7A1 /* Release */,
			);
			defaultConfigurationIsVisible = 0;
			defaultConfigurationName = Release;
		};
		4A05343828CF9486009BB7A1 /* Build configuration list for PBXNativeTarget "TextRecognitionTests" */ = {
			isa = XCConfigurationList;
			buildConfigurations = (
				4A05343928CF9486009BB7A1 /* Debug */,
				4A05343A28CF9486009BB7A1 /* Release */,
			);
			defaultConfigurationIsVisible = 0;
			defaultConfigurationName = Release;
		};
		4A05343B28CF9486009BB7A1 /* Build configuration list for PBXNativeTarget "TextRecognitionUITests" */ = {
			isa = XCConfigurationList;
			buildConfigurations = (
				4A05343C28CF9486009BB7A1 /* Debug */,
				4A05343D28CF9486009BB7A1 /* Release */,
			);
			defaultConfigurationIsVisible = 0;
			defaultConfigurationName = Release;
		};
/* End XCConfigurationList section */
	};
	rootObject = 4A05340328CF9481009BB7A1 /* Project object */;
}
